
Microsoft Visual Studio Solution File, Format Version 12.00
# Visual Studio Version 16
VisualStudioVersion = 16.0.30907.101
MinimumVisualStudioVersion = 10.0.40219.1
Project("{FAE04EC0-301F-11D3-BF4B-00C04F79EFBC}") = "Entities", "Entities\Entities.csproj", "{A7BD4896-5557-4E04-B4BF-05AD8394BE6A}"
EndProject
Project("{FAE04EC0-301F-11D3-BF4B-00C04F79EFBC}") = "DataAccess", "DataAccess\DataAccess.csproj", "{89DEB7F5-9C8E-4112-940B-60AE6E1758DA}"
EndProject
Project("{FAE04EC0-301F-11D3-BF4B-00C04F79EFBC}") = "Business", "Business\Business.csproj", "{0F604E10-579E-4E01-8124-EE0394286043}"
EndProject
Project("{FAE04EC0-301F-11D3-BF4B-00C04F79EFBC}") = "ConsoleUI", "ConsoleUI\ConsoleUI.csproj", "{38204D4E-4DC0-4759-890C-8178D6C74AAA}"
EndProject
Global
	GlobalSection(SolutionConfigurationPlatforms) = preSolution
		Debug|Any CPU = Debug|Any CPU
		Release|Any CPU = Release|Any CPU
	EndGlobalSection
	GlobalSection(ProjectConfigurationPlatforms) = postSolution
		{A7BD4896-5557-4E04-B4BF-05AD8394BE6A}.Debug|Any CPU.ActiveCfg = Debug|Any CPU
		{A7BD4896-5557-4E04-B4BF-05AD8394BE6A}.Debug|Any CPU.Build.0 = Debug|Any CPU
		{A7BD4896-5557-4E04-B4BF-05AD8394BE6A}.Release|Any CPU.ActiveCfg = Release|Any CPU
		{A7BD4896-5557-4E04-B4BF-05AD8394BE6A}.Release|Any CPU.Build.0 = Release|Any CPU
		{89DEB7F5-9C8E-4112-940B-60AE6E1758DA}.Debug|Any CPU.ActiveCfg = Debug|Any CPU
		{89DEB7F5-9C8E-4112-940B-60AE6E1758DA}.Debug|Any CPU.Build.0 = Debug|Any CPU
		{89DEB7F5-9C8E-4112-940B-60AE6E1758DA}.Release|Any CPU.ActiveCfg = Release|Any CPU
		{89DEB7F5-9C8E-4112-940B-60AE6E1758DA}.Release|Any CPU.Build.0 = Release|Any CPU
		{0F604E10-579E-4E01-8124-EE0394286043}.Debug|Any CPU.ActiveCfg = Debug|Any CPU
		{0F604E10-579E-4E01-8124-EE0394286043}.Debug|Any CPU.Build.0 = Debug|Any CPU
		{0F604E10-579E-4E01-8124-EE0394286043}.Release|Any CPU.ActiveCfg = Release|Any CPU
		{0F604E10-579E-4E01-8124-EE0394286043}.Release|Any CPU.Build.0 = Release|Any CPU
		{38204D4E-4DC0-4759-890C-8178D6C74AAA}.Debug|Any CPU.ActiveCfg = Debug|Any CPU
		{38204D4E-4DC0-4759-890C-8178D6C74AAA}.Debug|Any CPU.Build.0 = Debug|Any CPU
		{38204D4E-4DC0-4759-890C-8178D6C74AAA}.Release|Any CPU.ActiveCfg = Release|Any CPU
		{38204D4E-4DC0-4759-890C-8178D6C74AAA}.Release|Any CPU.Build.0 = Release|Any CPU
	EndGlobalSection
	GlobalSection(SolutionProperties) = preSolution
		HideSolutionNode = FALSE
	EndGlobalSection
	GlobalSection(ExtensibilityGlobals) = postSolution
		SolutionGuid = {8BA716DE-002D-4074-9EAC-C595EFBDAE44}
	EndGlobalSection
EndGlobal
